// !$*UTF8*$!
{
	archiveVersion = 1;
	classes = {
	};
	objectVersion = 50;
	objects = {

/* Begin PBXBuildFile section */
		5FF7F6BD20C79F69008C739C /* AppDelegate.swift in Sources */ = {isa = PBXBuildFile; fileRef = 5FF7F6BC20C79F69008C739C /* AppDelegate.swift */; };
		5FF7F6BF20C79F69008C739C /* ViewController.swift in Sources */ = {isa = PBXBuildFile; fileRef = 5FF7F6BE20C79F69008C739C /* ViewController.swift */; };
		5FF7F6C220C79F69008C739C /* Main.storyboard in Resources */ = {isa = PBXBuildFile; fileRef = 5FF7F6C020C79F69008C739C /* Main.storyboard */; };
		5FF7F6C420C79F69008C739C /* Assets.xcassets in Resources */ = {isa = PBXBuildFile; fileRef = 5FF7F6C320C79F69008C739C /* Assets.xcassets */; };
		5FF7F6C720C79F69008C739C /* LaunchScreen.storyboard in Resources */ = {isa = PBXBuildFile; fileRef = 5FF7F6C520C79F69008C739C /* LaunchScreen.storyboard */; };
		5FF7F6D220C79F6A008C739C /* Grand_Quality_iRepairTests.swift in Sources */ = {isa = PBXBuildFile; fileRef = 5FF7F6D120C79F6A008C739C /* Grand_Quality_iRepairTests.swift */; };
		5FF7F6DD20C79F6A008C739C /* Grand_Quality_iRepairUITests.swift in Sources */ = {isa = PBXBuildFile; fileRef = 5FF7F6DC20C79F6A008C739C /* Grand_Quality_iRepairUITests.swift */; };
/* End PBXBuildFile section */

/* Begin PBXContainerItemProxy section */
		5FF7F6CE20C79F6A008C739C /* PBXContainerItemProxy */ = {
			isa = PBXContainerItemProxy;
			containerPortal = 5FF7F6B120C79F69008C739C /* Project object */;
			proxyType = 1;
			remoteGlobalIDString = 5FF7F6B820C79F69008C739C;
			remoteInfo = "Grand Quality iRepair";
		};
		5FF7F6D920C79F6A008C739C /* PBXContainerItemProxy */ = {
			isa = PBXContainerItemProxy;
			containerPortal = 5FF7F6B120C79F69008C739C /* Project object */;
			proxyType = 1;
			remoteGlobalIDString = 5FF7F6B820C79F69008C739C;
			remoteInfo = "Grand Quality iRepair";
		};
/* End PBXContainerItemProxy section */

/* Begin PBXFileReference section */
		5FF7F6B920C79F69008C739C /* Grand Quality iRepair.app */ = {isa = PBXFileReference; explicitFileType = wrapper.application; includeInIndex = 0; path = "Grand Quality iRepair.app"; sourceTree = BUILT_PRODUCTS_DIR; };
		5FF7F6BC20C79F69008C739C /* AppDelegate.swift */ = {isa = PBXFileReference; lastKnownFileType = sourcecode.swift; path = AppDelegate.swift; sourceTree = "<group>"; };
		5FF7F6BE20C79F69008C739C /* ViewController.swift */ = {isa = PBXFileReference; lastKnownFileType = sourcecode.swift; path = ViewController.swift; sourceTree = "<group>"; };
		5FF7F6C120C79F69008C739C /* Base */ = {isa = PBXFileReference; lastKnownFileType = file.storyboard; name = Base; path = Base.lproj/Main.storyboard; sourceTree = "<group>"; };
		5FF7F6C320C79F69008C739C /* Assets.xcassets */ = {isa = PBXFileReference; lastKnownFileType = folder.assetcatalog; path = Assets.xcassets; sourceTree = "<group>"; };
		5FF7F6C620C79F69008C739C /* Base */ = {isa = PBXFileReference; lastKnownFileType = file.storyboard; name = Base; path = Base.lproj/LaunchScreen.storyboard; sourceTree = "<group>"; };
		5FF7F6C820C79F69008C739C /* Info.plist */ = {isa = PBXFileReference; lastKnownFileType = text.plist.xml; path = Info.plist; sourceTree = "<group>"; };
		5FF7F6CD20C79F6A008C739C /* Grand Quality iRepairTests.xctest */ = {isa = PBXFileReference; explicitFileType = wrapper.cfbundle; includeInIndex = 0; path = "Grand Quality iRepairTests.xctest"; sourceTree = BUILT_PRODUCTS_DIR; };
		5FF7F6D120C79F6A008C739C /* Grand_Quality_iRepairTests.swift */ = {isa = PBXFileReference; lastKnownFileType = sourcecode.swift; path = Grand_Quality_iRepairTests.swift; sourceTree = "<group>"; };
		5FF7F6D320C79F6A008C739C /* Info.plist */ = {isa = PBXFileReference; lastKnownFileType = text.plist.xml; path = Info.plist; sourceTree = "<group>"; };
		5FF7F6D820C79F6A008C739C /* Grand Quality iRepairUITests.xctest */ = {isa = PBXFileReference; explicitFileType = wrapper.cfbundle; includeInIndex = 0; path = "Grand Quality iRepairUITests.xctest"; sourceTree = BUILT_PRODUCTS_DIR; };
		5FF7F6DC20C79F6A008C739C /* Grand_Quality_iRepairUITests.swift */ = {isa = PBXFileReference; lastKnownFileType = sourcecode.swift; path = Grand_Quality_iRepairUITests.swift; sourceTree = "<group>"; };
		5FF7F6DE20C79F6A008C739C /* Info.plist */ = {isa = PBXFileReference; lastKnownFileType = text.plist.xml; path = Info.plist; sourceTree = "<group>"; };
/* End PBXFileReference section */

/* Begin PBXFrameworksBuildPhase section */
		5FF7F6B620C79F69008C739C /* Frameworks */ = {
			isa = PBXFrameworksBuildPhase;
			buildActionMask = 2147483647;
			files = (
			);
			runOnlyForDeploymentPostprocessing = 0;
		};
		5FF7F6CA20C79F6A008C739C /* Frameworks */ = {
			isa = PBXFrameworksBuildPhase;
			buildActionMask = 2147483647;
			files = (
			);
			runOnlyForDeploymentPostprocessing = 0;
		};
		5FF7F6D520C79F6A008C739C /* Frameworks */ = {
			isa = PBXFrameworksBuildPhase;
			buildActionMask = 2147483647;
			files = (
			);
			runOnlyForDeploymentPostprocessing = 0;
		};
/* End PBXFrameworksBuildPhase section */

/* Begin PBXGroup section */
		5FF7F6B020C79F69008C739C = {
			isa = PBXGroup;
			children = (
				5FF7F6BB20C79F69008C739C /* Grand Quality iRepair */,
				5FF7F6D020C79F6A008C739C /* Grand Quality iRepairTests */,
				5FF7F6DB20C79F6A008C739C /* Grand Quality iRepairUITests */,
				5FF7F6BA20C79F69008C739C /* Products */,
			);
			sourceTree = "<group>";
		};
		5FF7F6BA20C79F69008C739C /* Products */ = {
			isa = PBXGroup;
			children = (
				5FF7F6B920C79F69008C739C /* Grand Quality iRepair.app */,
				5FF7F6CD20C79F6A008C739C /* Grand Quality iRepairTests.xctest */,
				5FF7F6D820C79F6A008C739C /* Grand Quality iRepairUITests.xctest */,
			);
			name = Products;
			sourceTree = "<group>";
		};
		5FF7F6BB20C79F69008C739C /* Grand Quality iRepair */ = {
			isa = PBXGroup;
			children = (
				5FF7F6BC20C79F69008C739C /* AppDelegate.swift */,
				5FF7F6BE20C79F69008C739C /* ViewController.swift */,
				5FF7F6C020C79F69008C739C /* Main.storyboard */,
				5FF7F6C320C79F69008C739C /* Assets.xcassets */,
				5FF7F6C520C79F69008C739C /* LaunchScreen.storyboard */,
				5FF7F6C820C79F69008C739C /* Info.plist */,
			);
			path = "Grand Quality iRepair";
			sourceTree = "<group>";
		};
		5FF7F6D020C79F6A008C739C /* Grand Quality iRepairTests */ = {
			isa = PBXGroup;
			children = (
				5FF7F6D120C79F6A008C739C /* Grand_Quality_iRepairTests.swift */,
				5FF7F6D320C79F6A008C739C /* Info.plist */,
			);
			path = "Grand Quality iRepairTests";
			sourceTree = "<group>";
		};
		5FF7F6DB20C79F6A008C739C /* Grand Quality iRepairUITests */ = {
			isa = PBXGroup;
			children = (
				5FF7F6DC20C79F6A008C739C /* Grand_Quality_iRepairUITests.swift */,
				5FF7F6DE20C79F6A008C739C /* Info.plist */,
			);
			path = "Grand Quality iRepairUITests";
			sourceTree = "<group>";
		};
/* End PBXGroup section */

/* Begin PBXNativeTarget section */
		5FF7F6B820C79F69008C739C /* Grand Quality iRepair */ = {
			isa = PBXNativeTarget;
			buildConfigurationList = 5FF7F6E120C79F6A008C739C /* Build configuration list for PBXNativeTarget "Grand Quality iRepair" */;
			buildPhases = (
				5FF7F6B520C79F69008C739C /* Sources */,
				5FF7F6B620C79F69008C739C /* Frameworks */,
				5FF7F6B720C79F69008C739C /* Resources */,
			);
			buildRules = (
			);
			dependencies = (
			);
			name = "Grand Quality iRepair";
			productName = "Grand Quality iRepair";
			productReference = 5FF7F6B920C79F69008C739C /* Grand Quality iRepair.app */;
			productType = "com.apple.product-type.application";
		};
		5FF7F6CC20C79F6A008C739C /* Grand Quality iRepairTests */ = {
			isa = PBXNativeTarget;
			buildConfigurationList = 5FF7F6E420C79F6A008C739C /* Build configuration list for PBXNativeTarget "Grand Quality iRepairTests" */;
			buildPhases = (
				5FF7F6C920C79F6A008C739C /* Sources */,
				5FF7F6CA20C79F6A008C739C /* Frameworks */,
				5FF7F6CB20C79F6A008C739C /* Resources */,
			);
			buildRules = (
			);
			dependencies = (
				5FF7F6CF20C79F6A008C739C /* PBXTargetDependency */,
			);
			name = "Grand Quality iRepairTests";
			productName = "Grand Quality iRepairTests";
			productReference = 5FF7F6CD20C79F6A008C739C /* Grand Quality iRepairTests.xctest */;
			productType = "com.apple.product-type.bundle.unit-test";
		};
		5FF7F6D720C79F6A008C739C /* Grand Quality iRepairUITests */ = {
			isa = PBXNativeTarget;
			buildConfigurationList = 5FF7F6E720C79F6A008C739C /* Build configuration list for PBXNativeTarget "Grand Quality iRepairUITests" */;
			buildPhases = (
				5FF7F6D420C79F6A008C739C /* Sources */,
				5FF7F6D520C79F6A008C739C /* Frameworks */,
				5FF7F6D620C79F6A008C739C /* Resources */,
			);
			buildRules = (
			);
			dependencies = (
				5FF7F6DA20C79F6A008C739C /* PBXTargetDependency */,
			);
			name = "Grand Quality iRepairUITests";
			productName = "Grand Quality iRepairUITests";
			productReference = 5FF7F6D820C79F6A008C739C /* Grand Quality iRepairUITests.xctest */;
			productType = "com.apple.product-type.bundle.ui-testing";
		};
/* End PBXNativeTarget section */

/* Begin PBXProject section */
		5FF7F6B120C79F69008C739C /* Project object */ = {
			isa = PBXProject;
			attributes = {
				LastSwiftUpdateCheck = 0940;
				LastUpgradeCheck = 0940;
				ORGANIZATIONNAME = "William Roizer";
				TargetAttributes = {
					5FF7F6B820C79F69008C739C = {
						CreatedOnToolsVersion = 9.4;
					};
					5FF7F6CC20C79F6A008C739C = {
						CreatedOnToolsVersion = 9.4;
						TestTargetID = 5FF7F6B820C79F69008C739C;
					};
					5FF7F6D720C79F6A008C739C = {
						CreatedOnToolsVersion = 9.4;
						TestTargetID = 5FF7F6B820C79F69008C739C;
					};
				};
			};
			buildConfigurationList = 5FF7F6B420C79F69008C739C /* Build configuration list for PBXProject "Grand Quality iRepair" */;
			compatibilityVersion = "Xcode 9.3";
			developmentRegion = en;
			hasScannedForEncodings = 0;
			knownRegions = (
				en,
				Base,
			);
			mainGroup = 5FF7F6B020C79F69008C739C;
			productRefGroup = 5FF7F6BA20C79F69008C739C /* Products */;
			projectDirPath = "";
			projectRoot = "";
			targets = (
				5FF7F6B820C79F69008C739C /* Grand Quality iRepair */,
				5FF7F6CC20C79F6A008C739C /* Grand Quality iRepairTests */,
				5FF7F6D720C79F6A008C739C /* Grand Quality iRepairUITests */,
			);
		};
/* End PBXProject section */

/* Begin PBXResourcesBuildPhase section */
		5FF7F6B720C79F69008C739C /* Resources */ = {
			isa = PBXResourcesBuildPhase;
			buildActionMask = 2147483647;
			files = (
				5FF7F6C720C79F69008C739C /* LaunchScreen.storyboard in Resources */,
				5FF7F6C420C79F69008C739C /* Assets.xcassets in Resources */,
				5FF7F6C220C79F69008C739C /* Main.storyboard in Resources */,
			);
			runOnlyForDeploymentPostprocessing = 0;
		};
		5FF7F6CB20C79F6A008C739C /* Resources */ = {
			isa = PBXResourcesBuildPhase;
			buildActionMask = 2147483647;
			files = (
			);
			runOnlyForDeploymentPostprocessing = 0;
		};
		5FF7F6D620C79F6A008C739C /* Resources */ = {
			isa = PBXResourcesBuildPhase;
			buildActionMask = 2147483647;
			files = (
			);
			runOnlyForDeploymentPostprocessing = 0;
		};
/* End PBXResourcesBuildPhase section */

/* Begin PBXSourcesBuildPhase section */
		5FF7F6B520C79F69008C739C /* Sources */ = {
			isa = PBXSourcesBuildPhase;
			buildActionMask = 2147483647;
			files = (
				5FF7F6BF20C79F69008C739C /* ViewController.swift in Sources */,
				5FF7F6BD20C79F69008C739C /* AppDelegate.swift in Sources */,
			);
			runOnlyForDeploymentPostprocessing = 0;
		};
		5FF7F6C920C79F6A008C739C /* Sources */ = {
			isa = PBXSourcesBuildPhase;
			buildActionMask = 2147483647;
			files = (
				5FF7F6D220C79F6A008C739C /* Grand_Quality_iRepairTests.swift in Sources */,
			);
			runOnlyForDeploymentPostprocessing = 0;
		};
		5FF7F6D420C79F6A008C739C /* Sources */ = {
			isa = PBXSourcesBuildPhase;
			buildActionMask = 2147483647;
			files = (
				5FF7F6DD20C79F6A008C739C /* Grand_Quality_iRepairUITests.swift in Sources */,
			);
			runOnlyForDeploymentPostprocessing = 0;
		};
/* End PBXSourcesBuildPhase section */

/* Begin PBXTargetDependency section */
		5FF7F6CF20C79F6A008C739C /* PBXTargetDependency */ = {
			isa = PBXTargetDependency;
			target = 5FF7F6B820C79F69008C739C /* Grand Quality iRepair */;
			targetProxy = 5FF7F6CE20C79F6A008C739C /* PBXContainerItemProxy */;
		};
		5FF7F6DA20C79F6A008C739C /* PBXTargetDependency */ = {
			isa = PBXTargetDependency;
			target = 5FF7F6B820C79F69008C739C /* Grand Quality iRepair */;
			targetProxy = 5FF7F6D920C79F6A008C739C /* PBXContainerItemProxy */;
		};
/* End PBXTargetDependency section */

/* Begin PBXVariantGroup section */
		5FF7F6C020C79F69008C739C /* Main.storyboard */ = {
			isa = PBXVariantGroup;
			children = (
				5FF7F6C120C79F69008C739C /* Base */,
			);
			name = Main.storyboard;
			sourceTree = "<group>";
		};
		5FF7F6C520C79F69008C739C /* LaunchScreen.storyboard */ = {
			isa = PBXVariantGroup;
			children = (
				5FF7F6C620C79F69008C739C /* Base */,
			);
			name = LaunchScreen.storyboard;
			sourceTree = "<group>";
		};
/* End PBXVariantGroup section */

/* Begin XCBuildConfiguration section */
		5FF7F6DF20C79F6A008C739C /* Debug */ = {
			isa = XCBuildConfiguration;
			buildSettings = {
				ALWAYS_SEARCH_USER_PATHS = NO;
				CLANG_ANALYZER_NONNULL = YES;
				CLANG_ANALYZER_NUMBER_OBJECT_CONVERSION = YES_AGGRESSIVE;
				CLANG_CXX_LANGUAGE_STANDARD = "gnu++14";
				CLANG_CXX_LIBRARY = "libc++";
				CLANG_ENABLE_MODULES = YES;
				CLANG_ENABLE_OBJC_ARC = YES;
				CLANG_ENABLE_OBJC_WEAK = YES;
				CLANG_WARN_BLOCK_CAPTURE_AUTORELEASING = YES;
				CLANG_WARN_BOOL_CONVERSION = YES;
				CLANG_WARN_COMMA = YES;
				CLANG_WARN_CONSTANT_CONVERSION = YES;
				CLANG_WARN_DEPRECATED_OBJC_IMPLEMENTATIONS = YES;
				CLANG_WARN_DIRECT_OBJC_ISA_USAGE = YES_ERROR;
				CLANG_WARN_DOCUMENTATION_COMMENTS = YES;
				CLANG_WARN_EMPTY_BODY = YES;
				CLANG_WARN_ENUM_CONVERSION = YES;
				CLANG_WARN_INFINITE_RECURSION = YES;
				CLANG_WARN_INT_CONVERSION = YES;
				CLANG_WARN_NON_LITERAL_NULL_CONVERSION = YES;
				CLANG_WARN_OBJC_IMPLICIT_RETAIN_SELF = YES;
				CLANG_WARN_OBJC_LITERAL_CONVERSION = YES;
				CLANG_WARN_OBJC_ROOT_CLASS = YES_ERROR;
				CLANG_WARN_RANGE_LOOP_ANALYSIS = YES;
				CLANG_WARN_STRICT_PROTOTYPES = YES;
				CLANG_WARN_SUSPICIOUS_MOVE = YES;
				CLANG_WARN_UNGUARDED_AVAILABILITY = YES_AGGRESSIVE;
				CLANG_WARN_UNREACHABLE_CODE = YES;
				CLANG_WARN__DUPLICATE_METHOD_MATCH = YES;
				CODE_SIGN_IDENTITY = "iPhone Developer";
				COPY_PHASE_STRIP = NO;
				DEBUG_INFORMATION_FORMAT = dwarf;
				ENABLE_STRICT_OBJC_MSGSEND = YES;
				ENABLE_TESTABILITY = YES;
				GCC_C_LANGUAGE_STANDARD = gnu11;
				GCC_DYNAMIC_NO_PIC = NO;
				GCC_NO_COMMON_BLOCKS = YES;
				GCC_OPTIMIZATION_LEVEL = 0;
				GCC_PREPROCESSOR_DEFINITIONS = (
					"DEBUG=1",
					"$(inherited)",
				);
				GCC_WARN_64_TO_32_BIT_CONVERSION = YES;
				GCC_WARN_ABOUT_RETURN_TYPE = YES_ERROR;
				GCC_WARN_UNDECLARED_SELECTOR = YES;
				GCC_WARN_UNINITIALIZED_AUTOS = YES_AGGRESSIVE;
				GCC_WARN_UNUSED_FUNCTION = YES;
				GCC_WARN_UNUSED_VARIABLE = YES;
				IPHONEOS_DEPLOYMENT_TARGET = 11.4;
				MTL_ENABLE_DEBUG_INFO = YES;
				ONLY_ACTIVE_ARCH = YES;
				SDKROOT = iphoneos;
				SWIFT_ACTIVE_COMPILATION_CONDITIONS = DEBUG;
				SWIFT_OPTIMIZATION_LEVEL = "-Onone";
			};
			name = Debug;
		};
		5FF7F6E020C79F6A008C739C /* Release */ = {
			isa = XCBuildConfiguration;
			buildSettings = {
				ALWAYS_SEARCH_USER_PATHS = NO;
				CLANG_ANALYZER_NONNULL = YES;
				CLANG_ANALYZER_NUMBER_OBJECT_CONVERSION = YES_AGGRESSIVE;
				CLANG_CXX_LANGUAGE_STANDARD = "gnu++14";
				CLANG_CXX_LIBRARY = "libc++";
				CLANG_ENABLE_MODULES = YES;
				CLANG_ENABLE_OBJC_ARC = YES;
				CLANG_ENABLE_OBJC_WEAK = YES;
				CLANG_WARN_BLOCK_CAPTURE_AUTORELEASING = YES;
				CLANG_WARN_BOOL_CONVERSION = YES;
				CLANG_WARN_COMMA = YES;
				CLANG_WARN_CONSTANT_CONVERSION = YES;
				CLANG_WARN_DEPRECATED_OBJC_IMPLEMENTATIONS = YES;
				CLANG_WARN_DIRECT_OBJC_ISA_USAGE = YES_ERROR;
				CLANG_WARN_DOCUMENTATION_COMMENTS = YES;
				CLANG_WARN_EMPTY_BODY = YES;
				CLANG_WARN_ENUM_CONVERSION = YES;
				CLANG_WARN_INFINITE_RECURSION = YES;
				CLANG_WARN_INT_CONVERSION = YES;
				CLANG_WARN_NON_LITERAL_NULL_CONVERSION = YES;
				CLANG_WARN_OBJC_IMPLICIT_RETAIN_SELF = YES;
				CLANG_WARN_OBJC_LITERAL_CONVERSION = YES;
				CLANG_WARN_OBJC_ROOT_CLASS = YES_ERROR;
				CLANG_WARN_RANGE_LOOP_ANALYSIS = YES;
				CLANG_WARN_STRICT_PROTOTYPES = YES;
				CLANG_WARN_SUSPICIOUS_MOVE = YES;
				CLANG_WARN_UNGUARDED_AVAILABILITY = YES_AGGRESSIVE;
				CLANG_WARN_UNREACHABLE_CODE = YES;
				CLANG_WARN__DUPLICATE_METHOD_MATCH = YES;
				CODE_SIGN_IDENTITY = "iPhone Developer";
				COPY_PHASE_STRIP = NO;
				DEBUG_INFORMATION_FORMAT = "dwarf-with-dsym";
				ENABLE_NS_ASSERTIONS = NO;
				ENABLE_STRICT_OBJC_MSGSEND = YES;
				GCC_C_LANGUAGE_STANDARD = gnu11;
				GCC_NO_COMMON_BLOCKS = YES;
				GCC_WARN_64_TO_32_BIT_CONVERSION = YES;
				GCC_WARN_ABOUT_RETURN_TYPE = YES_ERROR;
				GCC_WARN_UNDECLARED_SELECTOR = YES;
				GCC_WARN_UNINITIALIZED_AUTOS = YES_AGGRESSIVE;
				GCC_WARN_UNUSED_FUNCTION = YES;
				GCC_WARN_UNUSED_VARIABLE = YES;
				IPHONEOS_DEPLOYMENT_TARGET = 11.4;
				MTL_ENABLE_DEBUG_INFO = NO;
				SDKROOT = iphoneos;
				SWIFT_COMPILATION_MODE = wholemodule;
				SWIFT_OPTIMIZATION_LEVEL = "-O";
				VALIDATE_PRODUCT = YES;
			};
			name = Release;
		};
		5FF7F6E220C79F6A008C739C /* Debug */ = {
			isa = XCBuildConfiguration;
			buildSettings = {
				ASSETCATALOG_COMPILER_APPICON_NAME = AppIcon;
				CODE_SIGN_STYLE = Automatic;
				DEVELOPMENT_TEAM = AYBK57X933;
				INFOPLIST_FILE = "Grand Quality iRepair/Info.plist";
				LD_RUNPATH_SEARCH_PATHS = (
					"$(inherited)",
					"@executable_path/Frameworks",
				);
				PRODUCT_BUNDLE_IDENTIFIER = "App-Portfolio.Grand-Quality-iRepair";
				PRODUCT_NAME = "$(TARGET_NAME)";
				SWIFT_VERSION = 4.0;
				TARGETED_DEVICE_FAMILY = "1,2";
			};
			name = Debug;
		};
		5FF7F6E320C79F6A008C739C /* Release */ = {
			isa = XCBuildConfiguration;
			buildSettings = {
				ASSETCATALOG_COMPILER_APPICON_NAME = AppIcon;
				CODE_SIGN_STYLE = Automatic;
				DEVELOPMENT_TEAM = AYBK57X933;
				INFOPLIST_FILE = "Grand Quality iRepair/Info.plist";
				LD_RUNPATH_SEARCH_PATHS = (
					"$(inherited)",
					"@executable_path/Frameworks",
				);
				PRODUCT_BUNDLE_IDENTIFIER = "App-Portfolio.Grand-Quality-iRepair";
				PRODUCT_NAME = "$(TARGET_NAME)";
				SWIFT_VERSION = 4.0;
				TARGETED_DEVICE_FAMILY = "1,2";
			};
			name = Release;
		};
		5FF7F6E520C79F6A008C739C /* Debug */ = {
			isa = XCBuildConfiguration;
			buildSettings = {
				ALWAYS_EMBED_SWIFT_STANDARD_LIBRARIES = YES;
				BUNDLE_LOADER = "$(TEST_HOST)";
				CODE_SIGN_STYLE = Automatic;
				DEVELOPMENT_TEAM = AYBK57X933;
				INFOPLIST_FILE = "Grand Quality iRepairTests/Info.plist";
				LD_RUNPATH_SEARCH_PATHS = (
					"$(inherited)",
					"@executable_path/Frameworks",
					"@loader_path/Frameworks",
				);
				PRODUCT_BUNDLE_IDENTIFIER = "App-Portfolio.Grand-Quality-iRepairTests";
				PRODUCT_NAME = "$(TARGET_NAME)";
				SWIFT_VERSION = 4.0;
				TARGETED_DEVICE_FAMILY = "1,2";
				TEST_HOST = "$(BUILT_PRODUCTS_DIR)/Grand Quality iRepair.app/Grand Quality iRepair";
			};
			name = Debug;
		};
		5FF7F6E620C79F6A008C739C /* Release */ = {
			isa = XCBuildConfiguration;
			buildSettings = {
				ALWAYS_EMBED_SWIFT_STANDARD_LIBRARIES = YES;
				BUNDLE_LOADER = "$(TEST_HOST)";
				CODE_SIGN_STYLE = Automatic;
				DEVELOPMENT_TEAM = AYBK57X933;
				INFOPLIST_FILE = "Grand Quality iRepairTests/Info.plist";
				LD_RUNPATH_SEARCH_PATHS = (
					"$(inherited)",
					"@executable_path/Frameworks",
					"@loader_path/Frameworks",
				);
				PRODUCT_BUNDLE_IDENTIFIER = "App-Portfolio.Grand-Quality-iRepairTests";
				PRODUCT_NAME = "$(TARGET_NAME)";
				SWIFT_VERSION = 4.0;
				TARGETED_DEVICE_FAMILY = "1,2";
				TEST_HOST = "$(BUILT_PRODUCTS_DIR)/Grand Quality iRepair.app/Grand Quality iRepair";
			};
			name = Release;
		};
		5FF7F6E820C79F6A008C739C /* Debug */ = {
			isa = XCBuildConfiguration;
			buildSettings = {
				ALWAYS_EMBED_SWIFT_STANDARD_LIBRARIES = YES;
				CODE_SIGN_STYLE = Automatic;
				DEVELOPMENT_TEAM = AYBK57X933;
				INFOPLIST_FILE = "Grand Quality iRepairUITests/Info.plist";
				LD_RUNPATH_SEARCH_PATHS = (
					"$(inherited)",
					"@executable_path/Frameworks",
					"@loader_path/Frameworks",
				);
				PRODUCT_BUNDLE_IDENTIFIER = "App-Portfolio.Grand-Quality-iRepairUITests";
				PRODUCT_NAME = "$(TARGET_NAME)";
				SWIFT_VERSION = 4.0;
				TARGETED_DEVICE_FAMILY = "1,2";
				TEST_TARGET_NAME = "Grand Quality iRepair";
			};
			name = Debug;
		};
		5FF7F6E920C79F6A008C739C /* Release */ = {
			isa = XCBuildConfiguration;
			buildSettings = {
				ALWAYS_EMBED_SWIFT_STANDARD_LIBRARIES = YES;
				CODE_SIGN_STYLE = Automatic;
				DEVELOPMENT_TEAM = AYBK57X933;
				INFOPLIST_FILE = "Grand Quality iRepairUITests/Info.plist";
				LD_RUNPATH_SEARCH_PATHS = (
					"$(inherited)",
					"@executable_path/Frameworks",
					"@loader_path/Frameworks",
				);
				PRODUCT_BUNDLE_IDENTIFIER = "App-Portfolio.Grand-Quality-iRepairUITests";
				PRODUCT_NAME = "$(TARGET_NAME)";
				SWIFT_VERSION = 4.0;
				TARGETED_DEVICE_FAMILY = "1,2";
				TEST_TARGET_NAME = "Grand Quality iRepair";
			};
			name = Release;
		};
/* End XCBuildConfiguration section */

/* Begin XCConfigurationList section */
		5FF7F6B420C79F69008C739C /* Build configuration list for PBXProject "Grand Quality iRepair" */ = {
			isa = XCConfigurationList;
			buildConfigurations = (
				5FF7F6DF20C79F6A008C739C /* Debug */,
				5FF7F6E020C79F6A008C739C /* Release */,
			);
			defaultConfigurationIsVisible = 0;
			defaultConfigurationName = Release;
		};
		5FF7F6E120C79F6A008C739C /* Build configuration list for PBXNativeTarget "Grand Quality iRepair" */ = {
			isa = XCConfigurationList;
			buildConfigurations = (
				5FF7F6E220C79F6A008C739C /* Debug */,
				5FF7F6E320C79F6A008C739C /* Release */,
			);
			defaultConfigurationIsVisible = 0;
			defaultConfigurationName = Release;
		};
		5FF7F6E420C79F6A008C739C /* Build configuration list for PBXNativeTarget "Grand Quality iRepairTests" */ = {
			isa = XCConfigurationList;
			buildConfigurations = (
				5FF7F6E520C79F6A008C739C /* Debug */,
				5FF7F6E620C79F6A008C739C /* Release */,
			);
			defaultConfigurationIsVisible = 0;
			defaultConfigurationName = Release;
		};
		5FF7F6E720C79F6A008C739C /* Build configuration list for PBXNativeTarget "Grand Quality iRepairUITests" */ = {
			isa = XCConfigurationList;
			buildConfigurations = (
				5FF7F6E820C79F6A008C739C /* Debug */,
				5FF7F6E920C79F6A008C739C /* Release */,
			);
			defaultConfigurationIsVisible = 0;
			defaultConfigurationName = Release;
		};
/* End XCConfigurationList section */
	};
	rootObject = 5FF7F6B120C79F69008C739C /* Project object */;
}
